// !$*UTF8*$!
{
	archiveVersion = 1;
	classes = {
	};
	objectVersion = 56;
	objects = {

/* Begin PBXBuildFile section */
		E07A1A4E2C4834E00028352B /* WaterMeApp.swift in Sources */ = {isa = PBXBuildFile; fileRef = E07A1A4D2C4834E00028352B /* WaterMeApp.swift */; };
		E07A1A522C4834E30028352B /* Assets.xcassets in Resources */ = {isa = PBXBuildFile; fileRef = E07A1A512C4834E30028352B /* Assets.xcassets */; };
		E07A1A552C4834E30028352B /* Preview Assets.xcassets in Resources */ = {isa = PBXBuildFile; fileRef = E07A1A542C4834E30028352B /* Preview Assets.xcassets */; };
		E07A1A5D2C483C6F0028352B /* HealthKitManager.swift in Sources */ = {isa = PBXBuildFile; fileRef = E07A1A5C2C483C6F0028352B /* HealthKitManager.swift */; };
		E09067542C5634DD00F69220 /* DayPicker in Resources */ = {isa = PBXBuildFile; fileRef = E09067532C5634DD00F69220 /* DayPicker */; };
		E09067562C56355C00F69220 /* DayPicker.swift in Sources */ = {isa = PBXBuildFile; fileRef = E09067552C56355C00F69220 /* DayPicker.swift */; };
		E09067582C5636FB00F69220 /* SettingsViewModel.swift in Sources */ = {isa = PBXBuildFile; fileRef = E09067572C5636FB00F69220 /* SettingsViewModel.swift */; };
		E0BB2A402D21B7C600CE46D9 /* CustomAdd.swift in Sources */ = {isa = PBXBuildFile; fileRef = E0BB2A3F2D21B7C600CE46D9 /* CustomAdd.swift */; };
		E0E196D02C4BDBE70081A00F /* SettingsView.swift in Sources */ = {isa = PBXBuildFile; fileRef = E0E196CF2C4BDBE70081A00F /* SettingsView.swift */; };
		E0E196D42C4BDC3F0081A00F /* MainView.swift in Sources */ = {isa = PBXBuildFile; fileRef = E0E196D32C4BDC3F0081A00F /* MainView.swift */; };
/* End PBXBuildFile section */

/* Begin PBXFileReference section */
		E07A1A4A2C4834E00028352B /* WaterMe - Simply.app */ = {isa = PBXFileReference; explicitFileType = wrapper.application; includeInIndex = 0; path = "WaterMe - Simply.app"; sourceTree = BUILT_PRODUCTS_DIR; };
		E07A1A4D2C4834E00028352B /* WaterMeApp.swift */ = {isa = PBXFileReference; lastKnownFileType = sourcecode.swift; path = WaterMeApp.swift; sourceTree = "<group>"; };
		E07A1A512C4834E30028352B /* Assets.xcassets */ = {isa = PBXFileReference; lastKnownFileType = folder.assetcatalog; path = Assets.xcassets; sourceTree = "<group>"; };
		E07A1A542C4834E30028352B /* Preview Assets.xcassets */ = {isa = PBXFileReference; lastKnownFileType = folder.assetcatalog; path = "Preview Assets.xcassets"; sourceTree = "<group>"; };
		E07A1A5B2C48354C0028352B /* WaterMe.entitlements */ = {isa = PBXFileReference; lastKnownFileType = text.plist.entitlements; path = WaterMe.entitlements; sourceTree = "<group>"; };
		E07A1A5C2C483C6F0028352B /* HealthKitManager.swift */ = {isa = PBXFileReference; lastKnownFileType = sourcecode.swift; path = HealthKitManager.swift; sourceTree = "<group>"; };
		E09067532C5634DD00F69220 /* DayPicker */ = {isa = PBXFileReference; lastKnownFileType = folder; path = DayPicker; sourceTree = "<group>"; };
		E09067552C56355C00F69220 /* DayPicker.swift */ = {isa = PBXFileReference; fileEncoding = 4; lastKnownFileType = sourcecode.swift; name = DayPicker.swift; path = WaterMe/Settings/DayPicker/DayPicker.swift; sourceTree = "<group>"; };
		E09067572C5636FB00F69220 /* SettingsViewModel.swift */ = {isa = PBXFileReference; lastKnownFileType = sourcecode.swift; path = SettingsViewModel.swift; sourceTree = "<group>"; };
		E0BB2A3F2D21B7C600CE46D9 /* CustomAdd.swift */ = {isa = PBXFileReference; lastKnownFileType = sourcecode.swift; path = CustomAdd.swift; sourceTree = "<group>"; };
		E0E196CF2C4BDBE70081A00F /* SettingsView.swift */ = {isa = PBXFileReference; lastKnownFileType = sourcecode.swift; path = SettingsView.swift; sourceTree = "<group>"; };
		E0E196D32C4BDC3F0081A00F /* MainView.swift */ = {isa = PBXFileReference; lastKnownFileType = sourcecode.swift; path = MainView.swift; sourceTree = "<group>"; };
		E0FDE85A2D26CB0900E800A9 /* Info.plist */ = {isa = PBXFileReference; lastKnownFileType = text.plist; path = Info.plist; sourceTree = "<group>"; };
/* End PBXFileReference section */

/* Begin PBXFrameworksBuildPhase section */
		E07A1A472C4834E00028352B /* Frameworks */ = {
			isa = PBXFrameworksBuildPhase;
			buildActionMask = 2147483647;
			files = (
			);
			runOnlyForDeploymentPostprocessing = 0;
		};
/* End PBXFrameworksBuildPhase section */

/* Begin PBXGroup section */
		E07A1A412C4834DF0028352B = {
			isa = PBXGroup;
			children = (
				E09067552C56355C00F69220 /* DayPicker.swift */,
				E07A1A4C2C4834E00028352B /* WaterMe */,
				E07A1A4B2C4834E00028352B /* Products */,
			);
			sourceTree = "<group>";
		};
		E07A1A4B2C4834E00028352B /* Products */ = {
			isa = PBXGroup;
			children = (
				E07A1A4A2C4834E00028352B /* WaterMe - Simply.app */,
			);
			name = Products;
			sourceTree = "<group>";
		};
		E07A1A4C2C4834E00028352B /* WaterMe */ = {
			isa = PBXGroup;
			children = (
				E0FDE85A2D26CB0900E800A9 /* Info.plist */,
				E0E196D22C4BDC2F0081A00F /* Settings */,
				E0E196D12C4BDC250081A00F /* Main */,
				E07A1A5B2C48354C0028352B /* WaterMe.entitlements */,
				E07A1A4D2C4834E00028352B /* WaterMeApp.swift */,
				E07A1A512C4834E30028352B /* Assets.xcassets */,
				E07A1A532C4834E30028352B /* Preview Content */,
				E07A1A5C2C483C6F0028352B /* HealthKitManager.swift */,
			);
			path = WaterMe;
			sourceTree = "<group>";
		};
		E07A1A532C4834E30028352B /* Preview Content */ = {
			isa = PBXGroup;
			children = (
				E07A1A542C4834E30028352B /* Preview Assets.xcassets */,
			);
			path = "Preview Content";
			sourceTree = "<group>";
		};
		E0BB2A3E2D21B7AE00CE46D9 /* CustomAdd */ = {
			isa = PBXGroup;
			children = (
				E0BB2A3F2D21B7C600CE46D9 /* CustomAdd.swift */,
			);
			path = CustomAdd;
			sourceTree = "<group>";
		};
		E0E196D12C4BDC250081A00F /* Main */ = {
			isa = PBXGroup;
			children = (
				E0BB2A3E2D21B7AE00CE46D9 /* CustomAdd */,
				E0E196D32C4BDC3F0081A00F /* MainView.swift */,
			);
			path = Main;
			sourceTree = "<group>";
		};
		E0E196D22C4BDC2F0081A00F /* Settings */ = {
			isa = PBXGroup;
			children = (
				E09067532C5634DD00F69220 /* DayPicker */,
				E0E196CF2C4BDBE70081A00F /* SettingsView.swift */,
				E09067572C5636FB00F69220 /* SettingsViewModel.swift */,
			);
			path = Settings;
			sourceTree = "<group>";
		};
/* End PBXGroup section */

/* Begin PBXNativeTarget section */
		E07A1A492C4834E00028352B /* WaterMe - Simply */ = {
			isa = PBXNativeTarget;
			buildConfigurationList = E07A1A582C4834E30028352B /* Build configuration list for PBXNativeTarget "WaterMe - Simply" */;
			buildPhases = (
				E07A1A462C4834E00028352B /* Sources */,
				E07A1A472C4834E00028352B /* Frameworks */,
				E07A1A482C4834E00028352B /* Resources */,
			);
			buildRules = (
			);
			dependencies = (
			);
			name = "WaterMe - Simply";
			productName = WaterMe;
			productReference = E07A1A4A2C4834E00028352B /* WaterMe - Simply.app */;
			productType = "com.apple.product-type.application";
		};
/* End PBXNativeTarget section */

/* Begin PBXProject section */
		E07A1A422C4834DF0028352B /* Project object */ = {
			isa = PBXProject;
			attributes = {
				BuildIndependentTargetsInParallel = 1;
				LastSwiftUpdateCheck = 1520;
				LastUpgradeCheck = 1520;
				TargetAttributes = {
					E07A1A492C4834E00028352B = {
						CreatedOnToolsVersion = 15.2;
					};
				};
			};
			buildConfigurationList = E07A1A452C4834DF0028352B /* Build configuration list for PBXProject "WaterMe - Simply" */;
			compatibilityVersion = "Xcode 14.0";
			developmentRegion = en;
			hasScannedForEncodings = 0;
			knownRegions = (
				en,
				Base,
			);
			mainGroup = E07A1A412C4834DF0028352B;
			productRefGroup = E07A1A4B2C4834E00028352B /* Products */;
			projectDirPath = "";
			projectRoot = "";
			targets = (
				E07A1A492C4834E00028352B /* WaterMe - Simply */,
			);
		};
/* End PBXProject section */

/* Begin PBXResourcesBuildPhase section */
		E07A1A482C4834E00028352B /* Resources */ = {
			isa = PBXResourcesBuildPhase;
			buildActionMask = 2147483647;
			files = (
				E07A1A552C4834E30028352B /* Preview Assets.xcassets in Resources */,
				E07A1A522C4834E30028352B /* Assets.xcassets in Resources */,
				E09067542C5634DD00F69220 /* DayPicker in Resources */,
			);
			runOnlyForDeploymentPostprocessing = 0;
		};
/* End PBXResourcesBuildPhase section */

/* Begin PBXSourcesBuildPhase section */
		E07A1A462C4834E00028352B /* Sources */ = {
			isa = PBXSourcesBuildPhase;
			buildActionMask = 2147483647;
			files = (
				E0E196D02C4BDBE70081A00F /* SettingsView.swift in Sources */,
				E07A1A4E2C4834E00028352B /* WaterMeApp.swift in Sources */,
				E09067562C56355C00F69220 /* DayPicker.swift in Sources */,
				E0E196D42C4BDC3F0081A00F /* MainView.swift in Sources */,
				E07A1A5D2C483C6F0028352B /* HealthKitManager.swift in Sources */,
				E09067582C5636FB00F69220 /* SettingsViewModel.swift in Sources */,
				E0BB2A402D21B7C600CE46D9 /* CustomAdd.swift in Sources */,
			);
			runOnlyForDeploymentPostprocessing = 0;
		};
/* End PBXSourcesBuildPhase section */

/* Begin XCBuildConfiguration section */
		E07A1A562C4834E30028352B /* Debug */ = {
			isa = XCBuildConfiguration;
			buildSettings = {
				ALWAYS_SEARCH_USER_PATHS = NO;
				ASSETCATALOG_COMPILER_GENERATE_SWIFT_ASSET_SYMBOL_EXTENSIONS = YES;
				CLANG_ANALYZER_NONNULL = YES;
				CLANG_ANALYZER_NUMBER_OBJECT_CONVERSION = YES_AGGRESSIVE;
				CLANG_CXX_LANGUAGE_STANDARD = "gnu++20";
				CLANG_ENABLE_MODULES = YES;
				CLANG_ENABLE_OBJC_ARC = YES;
				CLANG_ENABLE_OBJC_WEAK = YES;
				CLANG_WARN_BLOCK_CAPTURE_AUTORELEASING = YES;
				CLANG_WARN_BOOL_CONVERSION = YES;
				CLANG_WARN_COMMA = YES;
				CLANG_WARN_CONSTANT_CONVERSION = YES;
				CLANG_WARN_DEPRECATED_OBJC_IMPLEMENTATIONS = YES;
				CLANG_WARN_DIRECT_OBJC_ISA_USAGE = YES_ERROR;
				CLANG_WARN_DOCUMENTATION_COMMENTS = YES;
				CLANG_WARN_EMPTY_BODY = YES;
				CLANG_WARN_ENUM_CONVERSION = YES;
				CLANG_WARN_INFINITE_RECURSION = YES;
				CLANG_WARN_INT_CONVERSION = YES;
				CLANG_WARN_NON_LITERAL_NULL_CONVERSION = YES;
				CLANG_WARN_OBJC_IMPLICIT_RETAIN_SELF = YES;
				CLANG_WARN_OBJC_LITERAL_CONVERSION = YES;
				CLANG_WARN_OBJC_ROOT_CLASS = YES_ERROR;
				CLANG_WARN_QUOTED_INCLUDE_IN_FRAMEWORK_HEADER = YES;
				CLANG_WARN_RANGE_LOOP_ANALYSIS = YES;
				CLANG_WARN_STRICT_PROTOTYPES = YES;
				CLANG_WARN_SUSPICIOUS_MOVE = YES;
				CLANG_WARN_UNGUARDED_AVAILABILITY = YES_AGGRESSIVE;
				CLANG_WARN_UNREACHABLE_CODE = YES;
				CLANG_WARN__DUPLICATE_METHOD_MATCH = YES;
				COPY_PHASE_STRIP = NO;
				DEBUG_INFORMATION_FORMAT = dwarf;
				ENABLE_STRICT_OBJC_MSGSEND = YES;
				ENABLE_TESTABILITY = YES;
				ENABLE_USER_SCRIPT_SANDBOXING = YES;
				GCC_C_LANGUAGE_STANDARD = gnu17;
				GCC_DYNAMIC_NO_PIC = NO;
				GCC_NO_COMMON_BLOCKS = YES;
				GCC_OPTIMIZATION_LEVEL = 0;
				GCC_PREPROCESSOR_DEFINITIONS = (
					"DEBUG=1",
					"$(inherited)",
				);
				GCC_WARN_64_TO_32_BIT_CONVERSION = YES;
				GCC_WARN_ABOUT_RETURN_TYPE = YES_ERROR;
				GCC_WARN_UNDECLARED_SELECTOR = YES;
				GCC_WARN_UNINITIALIZED_AUTOS = YES_AGGRESSIVE;
				GCC_WARN_UNUSED_FUNCTION = YES;
				GCC_WARN_UNUSED_VARIABLE = YES;
				IPHONEOS_DEPLOYMENT_TARGET = 17.2;
				LOCALIZATION_PREFERS_STRING_CATALOGS = YES;
				MTL_ENABLE_DEBUG_INFO = INCLUDE_SOURCE;
				MTL_FAST_MATH = YES;
				ONLY_ACTIVE_ARCH = YES;
				SDKROOT = iphoneos;
				SWIFT_ACTIVE_COMPILATION_CONDITIONS = "DEBUG $(inherited)";
				SWIFT_OPTIMIZATION_LEVEL = "-Onone";
			};
			name = Debug;
		};
		E07A1A572C4834E30028352B /* Release */ = {
			isa = XCBuildConfiguration;
			buildSettings = {
				ALWAYS_SEARCH_USER_PATHS = NO;
				ASSETCATALOG_COMPILER_GENERATE_SWIFT_ASSET_SYMBOL_EXTENSIONS = YES;
				CLANG_ANALYZER_NONNULL = YES;
				CLANG_ANALYZER_NUMBER_OBJECT_CONVERSION = YES_AGGRESSIVE;
				CLANG_CXX_LANGUAGE_STANDARD = "gnu++20";
				CLANG_ENABLE_MODULES = YES;
				CLANG_ENABLE_OBJC_ARC = YES;
				CLANG_ENABLE_OBJC_WEAK = YES;
				CLANG_WARN_BLOCK_CAPTURE_AUTORELEASING = YES;
				CLANG_WARN_BOOL_CONVERSION = YES;
				CLANG_WARN_COMMA = YES;
				CLANG_WARN_CONSTANT_CONVERSION = YES;
				CLANG_WARN_DEPRECATED_OBJC_IMPLEMENTATIONS = YES;
				CLANG_WARN_DIRECT_OBJC_ISA_USAGE = YES_ERROR;
				CLANG_WARN_DOCUMENTATION_COMMENTS = YES;
				CLANG_WARN_EMPTY_BODY = YES;
				CLANG_WARN_ENUM_CONVERSION = YES;
				CLANG_WARN_INFINITE_RECURSION = YES;
				CLANG_WARN_INT_CONVERSION = YES;
				CLANG_WARN_NON_LITERAL_NULL_CONVERSION = YES;
				CLANG_WARN_OBJC_IMPLICIT_RETAIN_SELF = YES;
				CLANG_WARN_OBJC_LITERAL_CONVERSION = YES;
				CLANG_WARN_OBJC_ROOT_CLASS = YES_ERROR;
				CLANG_WARN_QUOTED_INCLUDE_IN_FRAMEWORK_HEADER = YES;
				CLANG_WARN_RANGE_LOOP_ANALYSIS = YES;
				CLANG_WARN_STRICT_PROTOTYPES = YES;
				CLANG_WARN_SUSPICIOUS_MOVE = YES;
				CLANG_WARN_UNGUARDED_AVAILABILITY = YES_AGGRESSIVE;
				CLANG_WARN_UNREACHABLE_CODE = YES;
				CLANG_WARN__DUPLICATE_METHOD_MATCH = YES;
				COPY_PHASE_STRIP = NO;
				DEBUG_INFORMATION_FORMAT = "dwarf-with-dsym";
				ENABLE_NS_ASSERTIONS = NO;
				ENABLE_STRICT_OBJC_MSGSEND = YES;
				ENABLE_USER_SCRIPT_SANDBOXING = YES;
				GCC_C_LANGUAGE_STANDARD = gnu17;
				GCC_NO_COMMON_BLOCKS = YES;
				GCC_WARN_64_TO_32_BIT_CONVERSION = YES;
				GCC_WARN_ABOUT_RETURN_TYPE = YES_ERROR;
				GCC_WARN_UNDECLARED_SELECTOR = YES;
				GCC_WARN_UNINITIALIZED_AUTOS = YES_AGGRESSIVE;
				GCC_WARN_UNUSED_FUNCTION = YES;
				GCC_WARN_UNUSED_VARIABLE = YES;
				IPHONEOS_DEPLOYMENT_TARGET = 17.2;
				LOCALIZATION_PREFERS_STRING_CATALOGS = YES;
				MTL_ENABLE_DEBUG_INFO = NO;
				MTL_FAST_MATH = YES;
				SDKROOT = iphoneos;
				SWIFT_COMPILATION_MODE = wholemodule;
				VALIDATE_PRODUCT = YES;
			};
			name = Release;
		};
		E07A1A592C4834E30028352B /* Debug */ = {
			isa = XCBuildConfiguration;
			buildSettings = {
				ASSETCATALOG_COMPILER_APPICON_NAME = AppIcon;
				ASSETCATALOG_COMPILER_GLOBAL_ACCENT_COLOR_NAME = AccentColor;
				CODE_SIGN_ENTITLEMENTS = WaterMe/WaterMe.entitlements;
				CODE_SIGN_IDENTITY = "Apple Development";
				CODE_SIGN_STYLE = Automatic;
				CURRENT_PROJECT_VERSION = 1;
				DEVELOPMENT_ASSET_PATHS = "\"WaterMe/Preview Content\"";
				DEVELOPMENT_TEAM = 63NCDW37L4;
				ENABLE_PREVIEWS = YES;
				GENERATE_INFOPLIST_FILE = YES;
				INFOPLIST_FILE = WaterMe/Info.plist;
				INFOPLIST_KEY_CFBundleDisplayName = "WaterMe - Simply";
				INFOPLIST_KEY_LSApplicationCategoryType = "public.app-category.healthcare-fitness";
				INFOPLIST_KEY_NSHealthShareUsageDescription = "WaterMe requires access to view previously saved Water Consumption data from your account";
				INFOPLIST_KEY_NSHealthUpdateUsageDescription = "WaterMe requires access to update Water Consumption data from your account";
				INFOPLIST_KEY_UIApplicationSceneManifest_Generation = YES;
				INFOPLIST_KEY_UIApplicationSupportsIndirectInputEvents = YES;
				INFOPLIST_KEY_UILaunchScreen_Generation = YES;
				INFOPLIST_KEY_UISupportedInterfaceOrientations = UIInterfaceOrientationPortrait;
				INFOPLIST_KEY_UISupportedInterfaceOrientations_iPad = "UIInterfaceOrientationLandscapeLeft UIInterfaceOrientationLandscapeRight UIInterfaceOrientationPortrait UIInterfaceOrientationPortraitUpsideDown";
				LD_RUNPATH_SEARCH_PATHS = (
					"$(inherited)",
					"@executable_path/Frameworks",
				);
				MARKETING_VERSION = 1.0;
				PRODUCT_BUNDLE_IDENTIFIER = dev.tkov.apple.WaterMeSimply;
				PRODUCT_NAME = "$(TARGET_NAME)";
				PROVISIONING_PROFILE_SPECIFIER = "";
				SUPPORTED_PLATFORMS = "iphoneos iphonesimulator";
				SUPPORTS_MACCATALYST = NO;
				SUPPORTS_MAC_DESIGNED_FOR_IPHONE_IPAD = NO;
				SUPPORTS_XR_DESIGNED_FOR_IPHONE_IPAD = NO;
				SWIFT_EMIT_LOC_STRINGS = YES;
				SWIFT_VERSION = 5.0;
				TARGETED_DEVICE_FAMILY = 1;
			};
			name = Debug;
		};
		E07A1A5A2C4834E30028352B /* Release */ = {
			isa = XCBuildConfiguration;
			buildSettings = {
				ASSETCATALOG_COMPILER_APPICON_NAME = AppIcon;
				ASSETCATALOG_COMPILER_GLOBAL_ACCENT_COLOR_NAME = AccentColor;
				CODE_SIGN_ENTITLEMENTS = WaterMe/WaterMe.entitlements;
				CODE_SIGN_IDENTITY = "Apple Development";
				CODE_SIGN_STYLE = Automatic;
				CURRENT_PROJECT_VERSION = 1;
				DEVELOPMENT_ASSET_PATHS = "\"WaterMe/Preview Content\"";
				DEVELOPMENT_TEAM = 63NCDW37L4;
				ENABLE_PREVIEWS = YES;
				GENERATE_INFOPLIST_FILE = YES;
				INFOPLIST_FILE = WaterMe/Info.plist;
				INFOPLIST_KEY_CFBundleDisplayName = "WaterMe - Simply";
				INFOPLIST_KEY_LSApplicationCategoryType = "public.app-category.healthcare-fitness";
				INFOPLIST_KEY_NSHealthShareUsageDescription = "WaterMe requires access to view previously saved Water Consumption data from your account";
				INFOPLIST_KEY_NSHealthUpdateUsageDescription = "WaterMe requires access to update Water Consumption data from your account";
				INFOPLIST_KEY_UIApplicationSceneManifest_Generation = YES;
				INFOPLIST_KEY_UIApplicationSupportsIndirectInputEvents = YES;
				INFOPLIST_KEY_UILaunchScreen_Generation = YES;
				INFOPLIST_KEY_UISupportedInterfaceOrientations = UIInterfaceOrientationPortrait;
				INFOPLIST_KEY_UISupportedInterfaceOrientations_iPad = "UIInterfaceOrientationLandscapeLeft UIInterfaceOrientationLandscapeRight UIInterfaceOrientationPortrait UIInterfaceOrientationPortraitUpsideDown";
				LD_RUNPATH_SEARCH_PATHS = (
					"$(inherited)",
					"@executable_path/Frameworks",
				);
				MARKETING_VERSION = 1.0;
				PRODUCT_BUNDLE_IDENTIFIER = dev.tkov.apple.WaterMeSimply;
				PRODUCT_NAME = "$(TARGET_NAME)";
				PROVISIONING_PROFILE_SPECIFIER = "";
				SUPPORTED_PLATFORMS = "iphoneos iphonesimulator";
				SUPPORTS_MACCATALYST = NO;
				SUPPORTS_MAC_DESIGNED_FOR_IPHONE_IPAD = NO;
				SUPPORTS_XR_DESIGNED_FOR_IPHONE_IPAD = NO;
				SWIFT_EMIT_LOC_STRINGS = YES;
				SWIFT_VERSION = 5.0;
				TARGETED_DEVICE_FAMILY = 1;
			};
			name = Release;
		};
/* End XCBuildConfiguration section */

/* Begin XCConfigurationList section */
		E07A1A452C4834DF0028352B /* Build configuration list for PBXProject "WaterMe - Simply" */ = {
			isa = XCConfigurationList;
			buildConfigurations = (
				E07A1A562C4834E30028352B /* Debug */,
				E07A1A572C4834E30028352B /* Release */,
			);
			defaultConfigurationIsVisible = 0;
			defaultConfigurationName = Release;
		};
		E07A1A582C4834E30028352B /* Build configuration list for PBXNativeTarget "WaterMe - Simply" */ = {
			isa = XCConfigurationList;
			buildConfigurations = (
				E07A1A592C4834E30028352B /* Debug */,
				E07A1A5A2C4834E30028352B /* Release */,
			);
			defaultConfigurationIsVisible = 0;
			defaultConfigurationName = Release;
		};
/* End XCConfigurationList section */
	};
	rootObject = E07A1A422C4834DF0028352B /* Project object */;
}
